
Microsoft Visual Studio Solution File, Format Version 12.00
# Visual Studio Version 17
VisualStudioVersion = 17.0.32112.339
MinimumVisualStudioVersion = 10.0.40219.1
Project("{2150E333-8FDC-42A3-9474-1A3956D46DE8}") = "Common", "Common", "{30B52558-47C5-4B30-8965-4A6ABCEF4C69}"
EndProject
Project("{2150E333-8FDC-42A3-9474-1A3956D46DE8}") = "Data", "Data", "{C1D7DF85-3B05-40EC-9AD0-F3989833C739}"
EndProject
Project("{2150E333-8FDC-42A3-9474-1A3956D46DE8}") = "Services", "Services", "{1B96E977-CF30-4674-BE14-2C11D659E91E}"
EndProject
Project("{2150E333-8FDC-42A3-9474-1A3956D46DE8}") = "UI", "UI", "{7449D553-D0BC-474E-A4FB-E94D811CE43D}"
EndProject
Project("{2150E333-8FDC-42A3-9474-1A3956D46DE8}") = "Tests", "Tests", "{09217025-2752-456C-923A-B5152836E58B}"
EndProject
Project("{9A19103F-16F7-4668-BE54-9A1E7A4F7556}") = "StmDogovorPro.Domain", "Common\StmDogovorPro.Domain\StmDogovorPro.Domain.csproj", "{F92CCD82-8937-47C6-A236-7C0CE731CF2D}"
EndProject
Project("{9A19103F-16F7-4668-BE54-9A1E7A4F7556}") = "StmDogovorPro.Domain.Base", "Common\StmDogovorPro.Domain.Base\StmDogovorPro.Domain.Base.csproj", "{1B10351B-C916-4D19-B39F-A1C01D65F570}"
EndProject
Project("{9A19103F-16F7-4668-BE54-9A1E7A4F7556}") = "StmDogovorPro.Services", "Services\StmDogovorPro.Services\StmDogovorPro.Services.csproj", "{6FBC6ACF-40EB-4E96-9269-3BF1EA5698A1}"
EndProject
Project("{9A19103F-16F7-4668-BE54-9A1E7A4F7556}") = "StmDogovorPro.Services.Base", "Services\StmDogovorPro.Services.Base\StmDogovorPro.Services.Base.csproj", "{D4AA83C0-D02A-4FFE-9E37-8DB9CC341DC1}"
EndProject
Project("{9A19103F-16F7-4668-BE54-9A1E7A4F7556}") = "StmDogovorPro.ExcelData", "Data\StmDogovorPro.ExcelData\StmDogovorPro.ExcelData.csproj", "{1C5386D7-7108-486D-BB6D-627062982A6E}"
EndProject
Project("{9A19103F-16F7-4668-BE54-9A1E7A4F7556}") = "StmDogovorPro.WordData", "Data\StmDogovorPro.WordData\StmDogovorPro.WordData.csproj", "{0C2BA218-AAB9-424A-933A-E0298563754E}"
EndProject
Project("{9A19103F-16F7-4668-BE54-9A1E7A4F7556}") = "StmDogovorPro.Tests", "Tests\StmDogovorPro.Tests\StmDogovorPro.Tests.csproj", "{49E2A475-E015-4455-B592-B0D078522158}"
EndProject
Global
	GlobalSection(SolutionConfigurationPlatforms) = preSolution
		Debug|Any CPU = Debug|Any CPU
		Release|Any CPU = Release|Any CPU
	EndGlobalSection
	GlobalSection(ProjectConfigurationPlatforms) = postSolution
		{F92CCD82-8937-47C6-A236-7C0CE731CF2D}.Debug|Any CPU.ActiveCfg = Debug|Any CPU
		{F92CCD82-8937-47C6-A236-7C0CE731CF2D}.Debug|Any CPU.Build.0 = Debug|Any CPU
		{F92CCD82-8937-47C6-A236-7C0CE731CF2D}.Release|Any CPU.ActiveCfg = Release|Any CPU
		{F92CCD82-8937-47C6-A236-7C0CE731CF2D}.Release|Any CPU.Build.0 = Release|Any CPU
		{1B10351B-C916-4D19-B39F-A1C01D65F570}.Debug|Any CPU.ActiveCfg = Debug|Any CPU
		{1B10351B-C916-4D19-B39F-A1C01D65F570}.Debug|Any CPU.Build.0 = Debug|Any CPU
		{1B10351B-C916-4D19-B39F-A1C01D65F570}.Release|Any CPU.ActiveCfg = Release|Any CPU
		{1B10351B-C916-4D19-B39F-A1C01D65F570}.Release|Any CPU.Build.0 = Release|Any CPU
		{6FBC6ACF-40EB-4E96-9269-3BF1EA5698A1}.Debug|Any CPU.ActiveCfg = Debug|Any CPU
		{6FBC6ACF-40EB-4E96-9269-3BF1EA5698A1}.Debug|Any CPU.Build.0 = Debug|Any CPU
		{6FBC6ACF-40EB-4E96-9269-3BF1EA5698A1}.Release|Any CPU.ActiveCfg = Release|Any CPU
		{6FBC6ACF-40EB-4E96-9269-3BF1EA5698A1}.Release|Any CPU.Build.0 = Release|Any CPU
		{D4AA83C0-D02A-4FFE-9E37-8DB9CC341DC1}.Debug|Any CPU.ActiveCfg = Debug|Any CPU
		{D4AA83C0-D02A-4FFE-9E37-8DB9CC341DC1}.Debug|Any CPU.Build.0 = Debug|Any CPU
		{D4AA83C0-D02A-4FFE-9E37-8DB9CC341DC1}.Release|Any CPU.ActiveCfg = Release|Any CPU
		{D4AA83C0-D02A-4FFE-9E37-8DB9CC341DC1}.Release|Any CPU.Build.0 = Release|Any CPU
		{1C5386D7-7108-486D-BB6D-627062982A6E}.Debug|Any CPU.ActiveCfg = Debug|Any CPU
		{1C5386D7-7108-486D-BB6D-627062982A6E}.Debug|Any CPU.Build.0 = Debug|Any CPU
		{1C5386D7-7108-486D-BB6D-627062982A6E}.Release|Any CPU.ActiveCfg = Release|Any CPU
		{1C5386D7-7108-486D-BB6D-627062982A6E}.Release|Any CPU.Build.0 = Release|Any CPU
		{0C2BA218-AAB9-424A-933A-E0298563754E}.Debug|Any CPU.ActiveCfg = Debug|Any CPU
		{0C2BA218-AAB9-424A-933A-E0298563754E}.Debug|Any CPU.Build.0 = Debug|Any CPU
		{0C2BA218-AAB9-424A-933A-E0298563754E}.Release|Any CPU.ActiveCfg = Release|Any CPU
		{0C2BA218-AAB9-424A-933A-E0298563754E}.Release|Any CPU.Build.0 = Release|Any CPU
		{49E2A475-E015-4455-B592-B0D078522158}.Debug|Any CPU.ActiveCfg = Debug|Any CPU
		{49E2A475-E015-4455-B592-B0D078522158}.Debug|Any CPU.Build.0 = Debug|Any CPU
		{49E2A475-E015-4455-B592-B0D078522158}.Release|Any CPU.ActiveCfg = Release|Any CPU
		{49E2A475-E015-4455-B592-B0D078522158}.Release|Any CPU.Build.0 = Release|Any CPU
	EndGlobalSection
	GlobalSection(SolutionProperties) = preSolution
		HideSolutionNode = FALSE
	EndGlobalSection
	GlobalSection(NestedProjects) = preSolution
		{F92CCD82-8937-47C6-A236-7C0CE731CF2D} = {30B52558-47C5-4B30-8965-4A6ABCEF4C69}
		{1B10351B-C916-4D19-B39F-A1C01D65F570} = {30B52558-47C5-4B30-8965-4A6ABCEF4C69}
		{6FBC6ACF-40EB-4E96-9269-3BF1EA5698A1} = {1B96E977-CF30-4674-BE14-2C11D659E91E}
		{D4AA83C0-D02A-4FFE-9E37-8DB9CC341DC1} = {1B96E977-CF30-4674-BE14-2C11D659E91E}
		{1C5386D7-7108-486D-BB6D-627062982A6E} = {C1D7DF85-3B05-40EC-9AD0-F3989833C739}
		{0C2BA218-AAB9-424A-933A-E0298563754E} = {C1D7DF85-3B05-40EC-9AD0-F3989833C739}
		{49E2A475-E015-4455-B592-B0D078522158} = {09217025-2752-456C-923A-B5152836E58B}
	EndGlobalSection
	GlobalSection(ExtensibilityGlobals) = postSolution
		SolutionGuid = {75933646-0E51-49AF-8254-86960489D1FB}
	EndGlobalSection
EndGlobal
